
Microsoft Visual Studio Solution File, Format Version 12.00
# Visual Studio Version 16
VisualStudioVersion = 16.0.31702.278
MinimumVisualStudioVersion = 10.0.40219.1
Project("{FAE04EC0-301F-11D3-BF4B-00C04F79EFBC}") = "ConSite", "ConSite\ConSite.csproj", "{A38B27DF-3DD1-42C1-948F-C7954BC8B5C0}"
EndProject
Global
	GlobalSection(SolutionConfigurationPlatforms) = preSolution
		Debug|Any CPU = Debug|Any CPU
		Release|Any CPU = Release|Any CPU
	EndGlobalSection
	GlobalSection(ProjectConfigurationPlatforms) = postSolution
		{A38B27DF-3DD1-42C1-948F-C7954BC8B5C0}.Debug|Any CPU.ActiveCfg = Debug|Any CPU
		{A38B27DF-3DD1-42C1-948F-C7954BC8B5C0}.Debug|Any CPU.Build.0 = Debug|Any CPU
		{A38B27DF-3DD1-42C1-948F-C7954BC8B5C0}.Release|Any CPU.ActiveCfg = Release|Any CPU
		{A38B27DF-3DD1-42C1-948F-C7954BC8B5C0}.Release|Any CPU.Build.0 = Release|Any CPU
	EndGlobalSection
	GlobalSection(SolutionProperties) = preSolution
		HideSolutionNode = FALSE
	EndGlobalSection
	GlobalSection(ExtensibilityGlobals) = postSolution
		SolutionGuid = {3696E6F4-70FA-45BA-8161-ED0D5F41D6FA}
	EndGlobalSection
EndGlobal
